
Microsoft Visual Studio Solution File, Format Version 12.00
# Visual Studio Version 18
VisualStudioVersion = 18.5.11605.296
MinimumVisualStudioVersion = 10.0.40219.1
Project("{FAE04EC0-301F-11D3-BF4B-00C04F79EFBC}") = "LagerthaAssistant.Domain", "src\LagerthaAssistant.Domain\LagerthaAssistant.Domain.csproj", "{2818354D-F6DB-8CFF-6A8B-A92121065531}"
EndProject
Project("{FAE04EC0-301F-11D3-BF4B-00C04F79EFBC}") = "LagerthaAssistant.Application", "src\LagerthaAssistant.Application\LagerthaAssistant.Application.csproj", "{DC3C5737-EA7F-25DD-BE70-2E665A1B523B}"
EndProject
Project("{FAE04EC0-301F-11D3-BF4B-00C04F79EFBC}") = "LagerthaAssistant.Infrastructure", "src\LagerthaAssistant.Infrastructure\LagerthaAssistant.Infrastructure.csproj", "{95153848-9477-562B-3CB2-BEA3F07F5719}"
EndProject
Project("{FAE04EC0-301F-11D3-BF4B-00C04F79EFBC}") = "LagerthaAssistant.Api", "src\LagerthaAssistant.Api\LagerthaAssistant.Api.csproj", "{9F651528-003D-F7E0-DDF4-9CAAB4B78213}"
EndProject
Project("{FAE04EC0-301F-11D3-BF4B-00C04F79EFBC}") = "LagerthaAssistant.UI", "src\LagerthaAssistant.UI\LagerthaAssistant.UI.csproj", "{C4120172-FF6B-8BDC-EFDD-B5E9C95983C4}"
EndProject
Project("{FAE04EC0-301F-11D3-BF4B-00C04F79EFBC}") = "LagerthaAssistant.Domain.Tests", "tests\LagerthaAssistant.Domain.Tests\LagerthaAssistant.Domain.Tests.csproj", "{478D0C25-1F50-A368-1B16-122D7A7F0140}"
EndProject
Project("{FAE04EC0-301F-11D3-BF4B-00C04F79EFBC}") = "LagerthaAssistant.Application.Tests", "tests\LagerthaAssistant.Application.Tests\LagerthaAssistant.Application.Tests.csproj", "{7231F340-A549-6D3A-A61E-7520A9DA9D47}"
EndProject
Project("{FAE04EC0-301F-11D3-BF4B-00C04F79EFBC}") = "LagerthaAssistant.IntegrationTests", "tests\LagerthaAssistant.IntegrationTests\LagerthaAssistant.IntegrationTests.csproj", "{98140E61-9464-8191-530D-ADCB3A12B0A2}"
EndProject
Project("{2150E333-8FDC-42A3-9474-1A3956D46DE8}") = "src", "src", "{827E0CD3-B72D-47B6-A68D-7590B98EB39B}"
EndProject
Project("{FAE04EC0-301F-11D3-BF4B-00C04F79EFBC}") = "SharedBotKernel", "src\SharedBotKernel\SharedBotKernel.csproj", "{391B4781-4AAD-47D2-B1DB-195352289B5F}"
EndProject
Project("{FAE04EC0-301F-11D3-BF4B-00C04F79EFBC}") = "BaguetteDesign.Domain", "src\BaguetteDesign.Domain\BaguetteDesign.Domain.csproj", "{0828CFA8-ABFB-41E4-B87F-B5CE3D7272BF}"
EndProject
Project("{FAE04EC0-301F-11D3-BF4B-00C04F79EFBC}") = "BaguetteDesign.Application", "src\BaguetteDesign.Application\BaguetteDesign.Application.csproj", "{EAD7AD5E-B0BD-4E0B-B991-8F3C27FE0F13}"
EndProject
Project("{FAE04EC0-301F-11D3-BF4B-00C04F79EFBC}") = "BaguetteDesign.Infrastructure", "src\BaguetteDesign.Infrastructure\BaguetteDesign.Infrastructure.csproj", "{D12A7331-C5F8-4A25-9A94-DCFA1E417DB0}"
EndProject
Project("{FAE04EC0-301F-11D3-BF4B-00C04F79EFBC}") = "BaguetteDesign.Api", "src\BaguetteDesign.Api\BaguetteDesign.Api.csproj", "{12607816-4074-4C66-A505-13E501FB2790}"
EndProject
Project("{2150E333-8FDC-42A3-9474-1A3956D46DE8}") = "tests", "tests", "{0AB3BF05-4346-4AA6-1389-037BE0695223}"
EndProject
Project("{FAE04EC0-301F-11D3-BF4B-00C04F79EFBC}") = "BaguetteDesign.Tests", "tests\BaguetteDesign.Tests\BaguetteDesign.Tests.csproj", "{A4B2E78B-7BC6-4560-9786-55B242C4AB6C}"
EndProject
Global
	GlobalSection(SolutionConfigurationPlatforms) = preSolution
		Debug|Any CPU = Debug|Any CPU
		Debug|x64 = Debug|x64
		Debug|x86 = Debug|x86
		Release|Any CPU = Release|Any CPU
		Release|x64 = Release|x64
		Release|x86 = Release|x86
	EndGlobalSection
	GlobalSection(ProjectConfigurationPlatforms) = postSolution
		{2818354D-F6DB-8CFF-6A8B-A92121065531}.Debug|Any CPU.ActiveCfg = Debug|Any CPU
		{2818354D-F6DB-8CFF-6A8B-A92121065531}.Debug|Any CPU.Build.0 = Debug|Any CPU
		{2818354D-F6DB-8CFF-6A8B-A92121065531}.Debug|x64.ActiveCfg = Debug|Any CPU
		{2818354D-F6DB-8CFF-6A8B-A92121065531}.Debug|x64.Build.0 = Debug|Any CPU
		{2818354D-F6DB-8CFF-6A8B-A92121065531}.Debug|x86.ActiveCfg = Debug|Any CPU
		{2818354D-F6DB-8CFF-6A8B-A92121065531}.Debug|x86.Build.0 = Debug|Any CPU
		{2818354D-F6DB-8CFF-6A8B-A92121065531}.Release|Any CPU.ActiveCfg = Release|Any CPU
		{2818354D-F6DB-8CFF-6A8B-A92121065531}.Release|Any CPU.Build.0 = Release|Any CPU
		{2818354D-F6DB-8CFF-6A8B-A92121065531}.Release|x64.ActiveCfg = Release|Any CPU
		{2818354D-F6DB-8CFF-6A8B-A92121065531}.Release|x64.Build.0 = Release|Any CPU
		{2818354D-F6DB-8CFF-6A8B-A92121065531}.Release|x86.ActiveCfg = Release|Any CPU
		{2818354D-F6DB-8CFF-6A8B-A92121065531}.Release|x86.Build.0 = Release|Any CPU
		{DC3C5737-EA7F-25DD-BE70-2E665A1B523B}.Debug|Any CPU.ActiveCfg = Debug|Any CPU
		{DC3C5737-EA7F-25DD-BE70-2E665A1B523B}.Debug|Any CPU.Build.0 = Debug|Any CPU
		{DC3C5737-EA7F-25DD-BE70-2E665A1B523B}.Debug|x64.ActiveCfg = Debug|Any CPU
		{DC3C5737-EA7F-25DD-BE70-2E665A1B523B}.Debug|x64.Build.0 = Debug|Any CPU
		{DC3C5737-EA7F-25DD-BE70-2E665A1B523B}.Debug|x86.ActiveCfg = Debug|Any CPU
		{DC3C5737-EA7F-25DD-BE70-2E665A1B523B}.Debug|x86.Build.0 = Debug|Any CPU
		{DC3C5737-EA7F-25DD-BE70-2E665A1B523B}.Release|Any CPU.ActiveCfg = Release|Any CPU
		{DC3C5737-EA7F-25DD-BE70-2E665A1B523B}.Release|Any CPU.Build.0 = Release|Any CPU
		{DC3C5737-EA7F-25DD-BE70-2E665A1B523B}.Release|x64.ActiveCfg = Release|Any CPU
		{DC3C5737-EA7F-25DD-BE70-2E665A1B523B}.Release|x64.Build.0 = Release|Any CPU
		{DC3C5737-EA7F-25DD-BE70-2E665A1B523B}.Release|x86.ActiveCfg = Release|Any CPU
		{DC3C5737-EA7F-25DD-BE70-2E665A1B523B}.Release|x86.Build.0 = Release|Any CPU
		{95153848-9477-562B-3CB2-BEA3F07F5719}.Debug|Any CPU.ActiveCfg = Debug|Any CPU
		{95153848-9477-562B-3CB2-BEA3F07F5719}.Debug|Any CPU.Build.0 = Debug|Any CPU
		{95153848-9477-562B-3CB2-BEA3F07F5719}.Debug|x64.ActiveCfg = Debug|Any CPU
		{95153848-9477-562B-3CB2-BEA3F07F5719}.Debug|x64.Build.0 = Debug|Any CPU
		{95153848-9477-562B-3CB2-BEA3F07F5719}.Debug|x86.ActiveCfg = Debug|Any CPU
		{95153848-9477-562B-3CB2-BEA3F07F5719}.Debug|x86.Build.0 = Debug|Any CPU
		{95153848-9477-562B-3CB2-BEA3F07F5719}.Release|Any CPU.ActiveCfg = Release|Any CPU
		{95153848-9477-562B-3CB2-BEA3F07F5719}.Release|Any CPU.Build.0 = Release|Any CPU
		{95153848-9477-562B-3CB2-BEA3F07F5719}.Release|x64.ActiveCfg = Release|Any CPU
		{95153848-9477-562B-3CB2-BEA3F07F5719}.Release|x64.Build.0 = Release|Any CPU
		{95153848-9477-562B-3CB2-BEA3F07F5719}.Release|x86.ActiveCfg = Release|Any CPU
		{95153848-9477-562B-3CB2-BEA3F07F5719}.Release|x86.Build.0 = Release|Any CPU
		{9F651528-003D-F7E0-DDF4-9CAAB4B78213}.Debug|Any CPU.ActiveCfg = Debug|Any CPU
		{9F651528-003D-F7E0-DDF4-9CAAB4B78213}.Debug|Any CPU.Build.0 = Debug|Any CPU
		{9F651528-003D-F7E0-DDF4-9CAAB4B78213}.Debug|x64.ActiveCfg = Debug|Any CPU
		{9F651528-003D-F7E0-DDF4-9CAAB4B78213}.Debug|x64.Build.0 = Debug|Any CPU
		{9F651528-003D-F7E0-DDF4-9CAAB4B78213}.Debug|x86.ActiveCfg = Debug|Any CPU
		{9F651528-003D-F7E0-DDF4-9CAAB4B78213}.Debug|x86.Build.0 = Debug|Any CPU
		{9F651528-003D-F7E0-DDF4-9CAAB4B78213}.Release|Any CPU.ActiveCfg = Release|Any CPU
		{9F651528-003D-F7E0-DDF4-9CAAB4B78213}.Release|Any CPU.Build.0 = Release|Any CPU
		{9F651528-003D-F7E0-DDF4-9CAAB4B78213}.Release|x64.ActiveCfg = Release|Any CPU
		{9F651528-003D-F7E0-DDF4-9CAAB4B78213}.Release|x64.Build.0 = Release|Any CPU
		{9F651528-003D-F7E0-DDF4-9CAAB4B78213}.Release|x86.ActiveCfg = Release|Any CPU
		{9F651528-003D-F7E0-DDF4-9CAAB4B78213}.Release|x86.Build.0 = Release|Any CPU
		{C4120172-FF6B-8BDC-EFDD-B5E9C95983C4}.Debug|Any CPU.ActiveCfg = Debug|Any CPU
		{C4120172-FF6B-8BDC-EFDD-B5E9C95983C4}.Debug|Any CPU.Build.0 = Debug|Any CPU
		{C4120172-FF6B-8BDC-EFDD-B5E9C95983C4}.Debug|x64.ActiveCfg = Debug|Any CPU
		{C4120172-FF6B-8BDC-EFDD-B5E9C95983C4}.Debug|x64.Build.0 = Debug|Any CPU
		{C4120172-FF6B-8BDC-EFDD-B5E9C95983C4}.Debug|x86.ActiveCfg = Debug|Any CPU
		{C4120172-FF6B-8BDC-EFDD-B5E9C95983C4}.Debug|x86.Build.0 = Debug|Any CPU
		{C4120172-FF6B-8BDC-EFDD-B5E9C95983C4}.Release|Any CPU.ActiveCfg = Release|Any CPU
		{C4120172-FF6B-8BDC-EFDD-B5E9C95983C4}.Release|Any CPU.Build.0 = Release|Any CPU
		{C4120172-FF6B-8BDC-EFDD-B5E9C95983C4}.Release|x64.ActiveCfg = Release|Any CPU
		{C4120172-FF6B-8BDC-EFDD-B5E9C95983C4}.Release|x64.Build.0 = Release|Any CPU
		{C4120172-FF6B-8BDC-EFDD-B5E9C95983C4}.Release|x86.ActiveCfg = Release|Any CPU
		{C4120172-FF6B-8BDC-EFDD-B5E9C95983C4}.Release|x86.Build.0 = Release|Any CPU
		{478D0C25-1F50-A368-1B16-122D7A7F0140}.Debug|Any CPU.ActiveCfg = Debug|Any CPU
		{478D0C25-1F50-A368-1B16-122D7A7F0140}.Debug|Any CPU.Build.0 = Debug|Any CPU
		{478D0C25-1F50-A368-1B16-122D7A7F0140}.Debug|x64.ActiveCfg = Debug|Any CPU
		{478D0C25-1F50-A368-1B16-122D7A7F0140}.Debug|x64.Build.0 = Debug|Any CPU
		{478D0C25-1F50-A368-1B16-122D7A7F0140}.Debug|x86.ActiveCfg = Debug|Any CPU
		{478D0C25-1F50-A368-1B16-122D7A7F0140}.Debug|x86.Build.0 = Debug|Any CPU
		{478D0C25-1F50-A368-1B16-122D7A7F0140}.Release|Any CPU.ActiveCfg = Release|Any CPU
		{478D0C25-1F50-A368-1B16-122D7A7F0140}.Release|Any CPU.Build.0 = Release|Any CPU
		{478D0C25-1F50-A368-1B16-122D7A7F0140}.Release|x64.ActiveCfg = Release|Any CPU
		{478D0C25-1F50-A368-1B16-122D7A7F0140}.Release|x64.Build.0 = Release|Any CPU
		{478D0C25-1F50-A368-1B16-122D7A7F0140}.Release|x86.ActiveCfg = Release|Any CPU
		{478D0C25-1F50-A368-1B16-122D7A7F0140}.Release|x86.Build.0 = Release|Any CPU
		{7231F340-A549-6D3A-A61E-7520A9DA9D47}.Debug|Any CPU.ActiveCfg = Debug|Any CPU
		{7231F340-A549-6D3A-A61E-7520A9DA9D47}.Debug|Any CPU.Build.0 = Debug|Any CPU
		{7231F340-A549-6D3A-A61E-7520A9DA9D47}.Debug|x64.ActiveCfg = Debug|Any CPU
		{7231F340-A549-6D3A-A61E-7520A9DA9D47}.Debug|x64.Build.0 = Debug|Any CPU
		{7231F340-A549-6D3A-A61E-7520A9DA9D47}.Debug|x86.ActiveCfg = Debug|Any CPU
		{7231F340-A549-6D3A-A61E-7520A9DA9D47}.Debug|x86.Build.0 = Debug|Any CPU
		{7231F340-A549-6D3A-A61E-7520A9DA9D47}.Release|Any CPU.ActiveCfg = Release|Any CPU
		{7231F340-A549-6D3A-A61E-7520A9DA9D47}.Release|Any CPU.Build.0 = Release|Any CPU
		{7231F340-A549-6D3A-A61E-7520A9DA9D47}.Release|x64.ActiveCfg = Release|Any CPU
		{7231F340-A549-6D3A-A61E-7520A9DA9D47}.Release|x64.Build.0 = Release|Any CPU
		{7231F340-A549-6D3A-A61E-7520A9DA9D47}.Release|x86.ActiveCfg = Release|Any CPU
		{7231F340-A549-6D3A-A61E-7520A9DA9D47}.Release|x86.Build.0 = Release|Any CPU
		{98140E61-9464-8191-530D-ADCB3A12B0A2}.Debug|Any CPU.ActiveCfg = Debug|Any CPU
		{98140E61-9464-8191-530D-ADCB3A12B0A2}.Debug|Any CPU.Build.0 = Debug|Any CPU
		{98140E61-9464-8191-530D-ADCB3A12B0A2}.Debug|x64.ActiveCfg = Debug|Any CPU
		{98140E61-9464-8191-530D-ADCB3A12B0A2}.Debug|x64.Build.0 = Debug|Any CPU
		{98140E61-9464-8191-530D-ADCB3A12B0A2}.Debug|x86.ActiveCfg = Debug|Any CPU
		{98140E61-9464-8191-530D-ADCB3A12B0A2}.Debug|x86.Build.0 = Debug|Any CPU
		{98140E61-9464-8191-530D-ADCB3A12B0A2}.Release|Any CPU.ActiveCfg = Release|Any CPU
		{98140E61-9464-8191-530D-ADCB3A12B0A2}.Release|Any CPU.Build.0 = Release|Any CPU
		{98140E61-9464-8191-530D-ADCB3A12B0A2}.Release|x64.ActiveCfg = Release|Any CPU
		{98140E61-9464-8191-530D-ADCB3A12B0A2}.Release|x64.Build.0 = Release|Any CPU
		{98140E61-9464-8191-530D-ADCB3A12B0A2}.Release|x86.ActiveCfg = Release|Any CPU
		{98140E61-9464-8191-530D-ADCB3A12B0A2}.Release|x86.Build.0 = Release|Any CPU
		{391B4781-4AAD-47D2-B1DB-195352289B5F}.Debug|Any CPU.ActiveCfg = Debug|Any CPU
		{391B4781-4AAD-47D2-B1DB-195352289B5F}.Debug|Any CPU.Build.0 = Debug|Any CPU
		{391B4781-4AAD-47D2-B1DB-195352289B5F}.Debug|x64.ActiveCfg = Debug|Any CPU
		{391B4781-4AAD-47D2-B1DB-195352289B5F}.Debug|x64.Build.0 = Debug|Any CPU
		{391B4781-4AAD-47D2-B1DB-195352289B5F}.Debug|x86.ActiveCfg = Debug|Any CPU
		{391B4781-4AAD-47D2-B1DB-195352289B5F}.Debug|x86.Build.0 = Debug|Any CPU
		{391B4781-4AAD-47D2-B1DB-195352289B5F}.Release|Any CPU.ActiveCfg = Release|Any CPU
		{391B4781-4AAD-47D2-B1DB-195352289B5F}.Release|Any CPU.Build.0 = Release|Any CPU
		{391B4781-4AAD-47D2-B1DB-195352289B5F}.Release|x64.ActiveCfg = Release|Any CPU
		{391B4781-4AAD-47D2-B1DB-195352289B5F}.Release|x64.Build.0 = Release|Any CPU
		{391B4781-4AAD-47D2-B1DB-195352289B5F}.Release|x86.ActiveCfg = Release|Any CPU
		{391B4781-4AAD-47D2-B1DB-195352289B5F}.Release|x86.Build.0 = Release|Any CPU
		{0828CFA8-ABFB-41E4-B87F-B5CE3D7272BF}.Debug|Any CPU.ActiveCfg = Debug|Any CPU
		{0828CFA8-ABFB-41E4-B87F-B5CE3D7272BF}.Debug|Any CPU.Build.0 = Debug|Any CPU
		{0828CFA8-ABFB-41E4-B87F-B5CE3D7272BF}.Debug|x64.ActiveCfg = Debug|Any CPU
		{0828CFA8-ABFB-41E4-B87F-B5CE3D7272BF}.Debug|x64.Build.0 = Debug|Any CPU
		{0828CFA8-ABFB-41E4-B87F-B5CE3D7272BF}.Debug|x86.ActiveCfg = Debug|Any CPU
		{0828CFA8-ABFB-41E4-B87F-B5CE3D7272BF}.Debug|x86.Build.0 = Debug|Any CPU
		{0828CFA8-ABFB-41E4-B87F-B5CE3D7272BF}.Release|Any CPU.ActiveCfg = Release|Any CPU
		{0828CFA8-ABFB-41E4-B87F-B5CE3D7272BF}.Release|Any CPU.Build.0 = Release|Any CPU
		{0828CFA8-ABFB-41E4-B87F-B5CE3D7272BF}.Release|x64.ActiveCfg = Release|Any CPU
		{0828CFA8-ABFB-41E4-B87F-B5CE3D7272BF}.Release|x64.Build.0 = Release|Any CPU
		{0828CFA8-ABFB-41E4-B87F-B5CE3D7272BF}.Release|x86.ActiveCfg = Release|Any CPU
		{0828CFA8-ABFB-41E4-B87F-B5CE3D7272BF}.Release|x86.Build.0 = Release|Any CPU
		{EAD7AD5E-B0BD-4E0B-B991-8F3C27FE0F13}.Debug|Any CPU.ActiveCfg = Debug|Any CPU
		{EAD7AD5E-B0BD-4E0B-B991-8F3C27FE0F13}.Debug|Any CPU.Build.0 = Debug|Any CPU
		{EAD7AD5E-B0BD-4E0B-B991-8F3C27FE0F13}.Debug|x64.ActiveCfg = Debug|Any CPU
		{EAD7AD5E-B0BD-4E0B-B991-8F3C27FE0F13}.Debug|x64.Build.0 = Debug|Any CPU
		{EAD7AD5E-B0BD-4E0B-B991-8F3C27FE0F13}.Debug|x86.ActiveCfg = Debug|Any CPU
		{EAD7AD5E-B0BD-4E0B-B991-8F3C27FE0F13}.Debug|x86.Build.0 = Debug|Any CPU
		{EAD7AD5E-B0BD-4E0B-B991-8F3C27FE0F13}.Release|Any CPU.ActiveCfg = Release|Any CPU
		{EAD7AD5E-B0BD-4E0B-B991-8F3C27FE0F13}.Release|Any CPU.Build.0 = Release|Any CPU
		{EAD7AD5E-B0BD-4E0B-B991-8F3C27FE0F13}.Release|x64.ActiveCfg = Release|Any CPU
		{EAD7AD5E-B0BD-4E0B-B991-8F3C27FE0F13}.Release|x64.Build.0 = Release|Any CPU
		{EAD7AD5E-B0BD-4E0B-B991-8F3C27FE0F13}.Release|x86.ActiveCfg = Release|Any CPU
		{EAD7AD5E-B0BD-4E0B-B991-8F3C27FE0F13}.Release|x86.Build.0 = Release|Any CPU
		{D12A7331-C5F8-4A25-9A94-DCFA1E417DB0}.Debug|Any CPU.ActiveCfg = Debug|Any CPU
		{D12A7331-C5F8-4A25-9A94-DCFA1E417DB0}.Debug|Any CPU.Build.0 = Debug|Any CPU
		{D12A7331-C5F8-4A25-9A94-DCFA1E417DB0}.Debug|x64.ActiveCfg = Debug|Any CPU
		{D12A7331-C5F8-4A25-9A94-DCFA1E417DB0}.Debug|x64.Build.0 = Debug|Any CPU
		{D12A7331-C5F8-4A25-9A94-DCFA1E417DB0}.Debug|x86.ActiveCfg = Debug|Any CPU
		{D12A7331-C5F8-4A25-9A94-DCFA1E417DB0}.Debug|x86.Build.0 = Debug|Any CPU
		{D12A7331-C5F8-4A25-9A94-DCFA1E417DB0}.Release|Any CPU.ActiveCfg = Release|Any CPU
		{D12A7331-C5F8-4A25-9A94-DCFA1E417DB0}.Release|Any CPU.Build.0 = Release|Any CPU
		{D12A7331-C5F8-4A25-9A94-DCFA1E417DB0}.Release|x64.ActiveCfg = Release|Any CPU
		{D12A7331-C5F8-4A25-9A94-DCFA1E417DB0}.Release|x64.Build.0 = Release|Any CPU
		{D12A7331-C5F8-4A25-9A94-DCFA1E417DB0}.Release|x86.ActiveCfg = Release|Any CPU
		{D12A7331-C5F8-4A25-9A94-DCFA1E417DB0}.Release|x86.Build.0 = Release|Any CPU
		{12607816-4074-4C66-A505-13E501FB2790}.Debug|Any CPU.ActiveCfg = Debug|Any CPU
		{12607816-4074-4C66-A505-13E501FB2790}.Debug|Any CPU.Build.0 = Debug|Any CPU
		{12607816-4074-4C66-A505-13E501FB2790}.Debug|x64.ActiveCfg = Debug|Any CPU
		{12607816-4074-4C66-A505-13E501FB2790}.Debug|x64.Build.0 = Debug|Any CPU
		{12607816-4074-4C66-A505-13E501FB2790}.Debug|x86.ActiveCfg = Debug|Any CPU
		{12607816-4074-4C66-A505-13E501FB2790}.Debug|x86.Build.0 = Debug|Any CPU
		{12607816-4074-4C66-A505-13E501FB2790}.Release|Any CPU.ActiveCfg = Release|Any CPU
		{12607816-4074-4C66-A505-13E501FB2790}.Release|Any CPU.Build.0 = Release|Any CPU
		{12607816-4074-4C66-A505-13E501FB2790}.Release|x64.ActiveCfg = Release|Any CPU
		{12607816-4074-4C66-A505-13E501FB2790}.Release|x64.Build.0 = Release|Any CPU
		{12607816-4074-4C66-A505-13E501FB2790}.Release|x86.ActiveCfg = Release|Any CPU
		{12607816-4074-4C66-A505-13E501FB2790}.Release|x86.Build.0 = Release|Any CPU
		{A4B2E78B-7BC6-4560-9786-55B242C4AB6C}.Debug|Any CPU.ActiveCfg = Debug|Any CPU
		{A4B2E78B-7BC6-4560-9786-55B242C4AB6C}.Debug|Any CPU.Build.0 = Debug|Any CPU
		{A4B2E78B-7BC6-4560-9786-55B242C4AB6C}.Debug|x64.ActiveCfg = Debug|Any CPU
		{A4B2E78B-7BC6-4560-9786-55B242C4AB6C}.Debug|x64.Build.0 = Debug|Any CPU
		{A4B2E78B-7BC6-4560-9786-55B242C4AB6C}.Debug|x86.ActiveCfg = Debug|Any CPU
		{A4B2E78B-7BC6-4560-9786-55B242C4AB6C}.Debug|x86.Build.0 = Debug|Any CPU
		{A4B2E78B-7BC6-4560-9786-55B242C4AB6C}.Release|Any CPU.ActiveCfg = Release|Any CPU
		{A4B2E78B-7BC6-4560-9786-55B242C4AB6C}.Release|Any CPU.Build.0 = Release|Any CPU
		{A4B2E78B-7BC6-4560-9786-55B242C4AB6C}.Release|x64.ActiveCfg = Release|Any CPU
		{A4B2E78B-7BC6-4560-9786-55B242C4AB6C}.Release|x64.Build.0 = Release|Any CPU
		{A4B2E78B-7BC6-4560-9786-55B242C4AB6C}.Release|x86.ActiveCfg = Release|Any CPU
		{A4B2E78B-7BC6-4560-9786-55B242C4AB6C}.Release|x86.Build.0 = Release|Any CPU
	EndGlobalSection
	GlobalSection(SolutionProperties) = preSolution
		HideSolutionNode = FALSE
	EndGlobalSection
	GlobalSection(NestedProjects) = preSolution
		{391B4781-4AAD-47D2-B1DB-195352289B5F} = {827E0CD3-B72D-47B6-A68D-7590B98EB39B}
		{0828CFA8-ABFB-41E4-B87F-B5CE3D7272BF} = {827E0CD3-B72D-47B6-A68D-7590B98EB39B}
		{EAD7AD5E-B0BD-4E0B-B991-8F3C27FE0F13} = {827E0CD3-B72D-47B6-A68D-7590B98EB39B}
		{D12A7331-C5F8-4A25-9A94-DCFA1E417DB0} = {827E0CD3-B72D-47B6-A68D-7590B98EB39B}
		{12607816-4074-4C66-A505-13E501FB2790} = {827E0CD3-B72D-47B6-A68D-7590B98EB39B}
		{A4B2E78B-7BC6-4560-9786-55B242C4AB6C} = {0AB3BF05-4346-4AA6-1389-037BE0695223}
	EndGlobalSection
	GlobalSection(ExtensibilityGlobals) = postSolution
		SolutionGuid = {7D7CF31E-622F-4194-94EF-FA3878A0F396}
	EndGlobalSection
EndGlobal
